#MicroXplorer Configuration settings - do not modify
CAD.formats=
CAD.pinconfig=
CAD.provider=
Dma.Request0=TIM2_UP
Dma.RequestsNb=1
Dma.TIM2_UP.0.Direction=DMA_PERIPH_TO_MEMORY
Dma.TIM2_UP.0.Instance=DMA1_Channel2
Dma.TIM2_UP.0.MemDataAlignment=DMA_MDATAALIGN_HALFWORD
Dma.TIM2_UP.0.MemInc=DMA_MINC_ENABLE
Dma.TIM2_UP.0.Mode=DMA_CIRCULAR
Dma.TIM2_UP.0.PeriphDataAlignment=DMA_PDATAALIGN_HALFWORD
Dma.TIM2_UP.0.PeriphInc=DMA_PINC_DISABLE
Dma.TIM2_UP.0.Priority=DMA_PRIORITY_LOW
Dma.TIM2_UP.0.RequestParameters=Instance,Direction,PeriphInc,MemInc,PeriphDataAlignment,MemDataAlignment,Mode,Priority
File.Version=6
GPIO.groupedBy=Group By Peripherals
KeepUserPlacement=false
Mcu.CPN=STM32L053R8T3
Mcu.Family=STM32L0
Mcu.IP0=DMA
Mcu.IP1=NVIC
Mcu.IP2=RCC
Mcu.IP3=TIM2
Mcu.IPNb=4
Mcu.Name=STM32L053R(6-8)Tx
Mcu.Package=LQFP64
Mcu.Pin0=PA0
Mcu.Pin1=PA1
Mcu.Pin2=VP_TIM2_VS_ClockSourceINT
Mcu.PinsNb=3
Mcu.ThirdPartyNb=0
Mcu.UserConstants=
Mcu.UserName=STM32L053R8Tx
MxCube.Version=6.7.0
MxDb.Version=DB.6.0.70
NVIC.DMA1_Channel2_3_IRQn=true\:0\:0\:false\:false\:true\:false\:true\:true
NVIC.ForceEnableDMAVector=true
NVIC.HardFault_IRQn=true\:0\:0\:false\:false\:true\:false\:false\:false
NVIC.NonMaskableInt_IRQn=true\:0\:0\:false\:false\:true\:false\:false\:false
NVIC.PendSV_IRQn=true\:0\:0\:false\:false\:true\:false\:false\:false
NVIC.SVC_IRQn=true\:0\:0\:false\:false\:true\:false\:false\:true
NVIC.SysTick_IRQn=true\:3\:0\:false\:false\:true\:false\:true\:false
NVIC.TIM2_IRQn=true\:0\:0\:false\:false\:true\:true\:true\:true
PA0.Signal=S_TIM2_CH1
PA1.Signal=S_TIM2_CH2
PinOutPanel.RotationAngle=0
ProjectManager.AskForMigrate=true
ProjectManager.BackupPrevious=false
ProjectManager.CompilerOptimize=6
ProjectManager.ComputerToolchain=false
ProjectManager.CoupleFile=false
ProjectManager.CustomerFirmwarePackage=
ProjectManager.DefaultFWLocation=true
ProjectManager.DeletePrevious=true
ProjectManager.DeviceId=STM32L053R8Tx
ProjectManager.FirmwarePackage=STM32Cube FW_L0 V1.12.2
ProjectManager.FreePins=false
ProjectManager.HalAssertFull=false
ProjectManager.HeapSize=0x200
ProjectManager.KeepUserCode=true
ProjectManager.LastFirmware=true
ProjectManager.LibraryCopy=1
ProjectManager.MainLocation=Core/Src
ProjectManager.NoMain=false
ProjectManager.PreviousToolchain=
ProjectManager.ProjectBuild=false
ProjectManager.ProjectFileName=timer_leds_channels.ioc
ProjectManager.ProjectName=timer_leds_channels
ProjectManager.RegisterCallBack=
ProjectManager.StackSize=0x400
ProjectManager.TargetToolchain=STM32CubeIDE
ProjectManager.ToolChainLocation=
ProjectManager.UnderRoot=true
ProjectManager.functionlistsort=1-SystemClock_Config-RCC-false-HAL-false,2-MX_GPIO_Init-GPIO-false-HAL-true,3-MX_DMA_Init-DMA-false-HAL-true,4-MX_TIM2_Init-TIM2-false-HAL-true
RCC.48CLKFreq_Value=24000000
RCC.AHBFreq_Value=2097000
RCC.APB1Freq_Value=2097000
RCC.APB1TimFreq_Value=2097000
RCC.APB2Freq_Value=2097000
RCC.APB2TimFreq_Value=2097000
RCC.FamilyName=M
RCC.HSE_VALUE=8000000
RCC.HSI16_VALUE=16000000
RCC.HSI48_VALUE=48000000
RCC.HSI_VALUE=16000000
RCC.I2C1Freq_Value=2097000
RCC.IPParameters=48CLKFreq_Value,AHBFreq_Value,APB1Freq_Value,APB1TimFreq_Value,APB2Freq_Value,APB2TimFreq_Value,FamilyName,HSE_VALUE,HSI16_VALUE,HSI48_VALUE,HSI_VALUE,I2C1Freq_Value,LCDFreq_Value,LPTIMFreq_Value,LPUARTFreq_Value,LSE_VALUE,LSI_VALUE,MSI_VALUE,PLLCLKFreq_Value,RTCFreq_Value,RTCHSEDivFreq_Value,SYSCLKFreq_VALUE,TIMFreq_Value,USART1Freq_Value,USART2Freq_Value,VCOOutputFreq_Value,WatchDogFreq_Value
RCC.LCDFreq_Value=37000
RCC.LPTIMFreq_Value=2097000
RCC.LPUARTFreq_Value=2097000
RCC.LSE_VALUE=32768
RCC.LSI_VALUE=37000
RCC.MSI_VALUE=2097000
RCC.PLLCLKFreq_Value=24000000
RCC.RTCFreq_Value=37000
RCC.RTCHSEDivFreq_Value=4000000
RCC.SYSCLKFreq_VALUE=2097000
RCC.TIMFreq_Value=2097000
RCC.USART1Freq_Value=2097000
RCC.USART2Freq_Value=2097000
RCC.VCOOutputFreq_Value=48000000
RCC.WatchDogFreq_Value=37000
SH.S_TIM2_CH1.0=TIM2_CH1,Output Compare1 CH1
SH.S_TIM2_CH1.ConfNb=1
SH.S_TIM2_CH2.0=TIM2_CH2,Output Compare2 CH2
SH.S_TIM2_CH2.ConfNb=1
TIM2.Channel-Output\ Compare1\ CH1=TIM_CHANNEL_1
TIM2.Channel-Output\ Compare2\ CH2=TIM_CHANNEL_2
TIM2.IPParameters=Channel-Output Compare1 CH1,Channel-Output Compare2 CH2,Prescaler,Period,OCMode_1,OCMode_2
TIM2.OCMode_1=TIM_OCMODE_TOGGLE
TIM2.OCMode_2=TIM_OCMODE_TOGGLE
TIM2.Period=999
TIM2.Prescaler=1999
VP_TIM2_VS_ClockSourceINT.Mode=Internal
VP_TIM2_VS_ClockSourceINT.Signal=TIM2_VS_ClockSourceINT
board=custom
isbadioc=false
